// !$*UTF8*$!
{
	archiveVersion = 1;
	classes = {
	};
	objectVersion = 46;
	objects = {

/* Begin PBXBuildFile section */
		248DE4F81E82151D00E5232D /* AppDelegate.swift in Sources */ = {isa = PBXBuildFile; fileRef = 248DE4F71E82151D00E5232D /* AppDelegate.swift */; };
		248DE4FA1E82151D00E5232D /* ViewController.swift in Sources */ = {isa = PBXBuildFile; fileRef = 248DE4F91E82151D00E5232D /* ViewController.swift */; };
		248DE4FD1E82151D00E5232D /* Main.storyboard in Resources */ = {isa = PBXBuildFile; fileRef = 248DE4FB1E82151D00E5232D /* Main.storyboard */; };
		248DE4FF1E82151D00E5232D /* Assets.xcassets in Resources */ = {isa = PBXBuildFile; fileRef = 248DE4FE1E82151D00E5232D /* Assets.xcassets */; };
		248DE5021E82151D00E5232D /* LaunchScreen.storyboard in Resources */ = {isa = PBXBuildFile; fileRef = 248DE5001E82151D00E5232D /* LaunchScreen.storyboard */; };
/* End PBXBuildFile section */

/* Begin PBXFileReference section */
		248DE4F41E82151D00E5232D /* SaveMe.app */ = {isa = PBXFileReference; explicitFileType = wrapper.application; includeInIndex = 0; path = SaveMe.app; sourceTree = BUILT_PRODUCTS_DIR; };
		248DE4F71E82151D00E5232D /* AppDelegate.swift */ = {isa = PBXFileReference; lastKnownFileType = sourcecode.swift; path = AppDelegate.swift; sourceTree = "<group>"; };
		248DE4F91E82151D00E5232D /* ViewController.swift */ = {isa = PBXFileReference; lastKnownFileType = sourcecode.swift; path = ViewController.swift; sourceTree = "<group>"; };
		248DE4FC1E82151D00E5232D /* Base */ = {isa = PBXFileReference; lastKnownFileType = file.storyboard; name = Base; path = Base.lproj/Main.storyboard; sourceTree = "<group>"; };
		248DE4FE1E82151D00E5232D /* Assets.xcassets */ = {isa = PBXFileReference; lastKnownFileType = folder.assetcatalog; path = Assets.xcassets; sourceTree = "<group>"; };
		248DE5011E82151D00E5232D /* Base */ = {isa = PBXFileReference; lastKnownFileType = file.storyboard; name = Base; path = Base.lproj/LaunchScreen.storyboard; sourceTree = "<group>"; };
		248DE5031E82151D00E5232D /* Info.plist */ = {isa = PBXFileReference; lastKnownFileType = text.plist.xml; path = Info.plist; sourceTree = "<group>"; };
/* End PBXFileReference section */

/* Begin PBXFrameworksBuildPhase section */
		248DE4F11E82151D00E5232D /* Frameworks */ = {
			isa = PBXFrameworksBuildPhase;
			buildActionMask = 2147483647;
			files = (
			);
			runOnlyForDeploymentPostprocessing = 0;
		};
/* End PBXFrameworksBuildPhase section */

/* Begin PBXGroup section */
		248DE4EB1E82151D00E5232D = {
			isa = PBXGroup;
			children = (
				248DE4F61E82151D00E5232D /* SaveMe */,
				248DE4F51E82151D00E5232D /* Products */,
			);
			sourceTree = "<group>";
		};
		248DE4F51E82151D00E5232D /* Products */ = {
			isa = PBXGroup;
			children = (
				248DE4F41E82151D00E5232D /* SaveMe.app */,
			);
			name = Products;
			sourceTree = "<group>";
		};
		248DE4F61E82151D00E5232D /* SaveMe */ = {
			isa = PBXGroup;
			children = (
				248DE4F71E82151D00E5232D /* AppDelegate.swift */,
				248DE4F91E82151D00E5232D /* ViewController.swift */,
				248DE4FB1E82151D00E5232D /* Main.storyboard */,
				248DE4FE1E82151D00E5232D /* Assets.xcassets */,
				248DE5001E82151D00E5232D /* LaunchScreen.storyboard */,
				248DE5031E82151D00E5232D /* Info.plist */,
			);
			path = SaveMe;
			sourceTree = "<group>";
		};
/* End PBXGroup section */

/* Begin PBXNativeTarget section */
		248DE4F31E82151D00E5232D /* SaveMe */ = {
			isa = PBXNativeTarget;
			buildConfigurationList = 248DE5061E82151D00E5232D /* Build configuration list for PBXNativeTarget "SaveMe" */;
			buildPhases = (
				248DE4F01E82151D00E5232D /* Sources */,
				248DE4F11E82151D00E5232D /* Frameworks */,
				248DE4F21E82151D00E5232D /* Resources */,
			);
			buildRules = (
			);
			dependencies = (
			);
			name = SaveMe;
			productName = SaveMe;
			productReference = 248DE4F41E82151D00E5232D /* SaveMe.app */;
			productType = "com.apple.product-type.application";
		};
/* End PBXNativeTarget section */

/* Begin PBXProject section */
		248DE4EC1E82151D00E5232D /* Project object */ = {
			isa = PBXProject;
			attributes = {
				LastSwiftUpdateCheck = 0820;
				LastUpgradeCheck = 0820;
				ORGANIZATIONNAME = "Sundesh Balraj";
				TargetAttributes = {
					248DE4F31E82151D00E5232D = {
						CreatedOnToolsVersion = 8.2.1;
						DevelopmentTeam = Q7WSN4F45U;
						ProvisioningStyle = Automatic;
					};
				};
			};
			buildConfigurationList = 248DE4EF1E82151D00E5232D /* Build configuration list for PBXProject "SaveMe" */;
			compatibilityVersion = "Xcode 3.2";
			developmentRegion = English;
			hasScannedForEncodings = 0;
			knownRegions = (
				en,
				Base,
			);
			mainGroup = 248DE4EB1E82151D00E5232D;
			productRefGroup = 248DE4F51E82151D00E5232D /* Products */;
			projectDirPath = "";
			projectRoot = "";
			targets = (
				248DE4F31E82151D00E5232D /* SaveMe */,
			);
		};
/* End PBXProject section */

/* Begin PBXResourcesBuildPhase section */
		248DE4F21E82151D00E5232D /* Resources */ = {
			isa = PBXResourcesBuildPhase;
			buildActionMask = 2147483647;
			files = (
				248DE5021E82151D00E5232D /* LaunchScreen.storyboard in Resources */,
				248DE4FF1E82151D00E5232D /* Assets.xcassets in Resources */,
				248DE4FD1E82151D00E5232D /* Main.storyboard in Resources */,
			);
			runOnlyForDeploymentPostprocessing = 0;
		};
/* End PBXResourcesBuildPhase section */

/* Begin PBXSourcesBuildPhase section */
		248DE4F01E82151D00E5232D /* Sources */ = {
			isa = PBXSourcesBuildPhase;
			buildActionMask = 2147483647;
			files = (
				248DE4FA1E82151D00E5232D /* ViewController.swift in Sources */,
				248DE4F81E82151D00E5232D /* AppDelegate.swift in Sources */,
			);
			runOnlyForDeploymentPostprocessing = 0;
		};
/* End PBXSourcesBuildPhase section */

/* Begin PBXVariantGroup section */
		248DE4FB1E82151D00E5232D /* Main.storyboard */ = {
			isa = PBXVariantGroup;
			children = (
				248DE4FC1E82151D00E5232D /* Base */,
			);
			name = Main.storyboard;
			sourceTree = "<group>";
		};
		248DE5001E82151D00E5232D /* LaunchScreen.storyboard */ = {
			isa = PBXVariantGroup;
			children = (
				248DE5011E82151D00E5232D /* Base */,
			);
			name = LaunchScreen.storyboard;
			sourceTree = "<group>";
		};
/* End PBXVariantGroup section */

/* Begin XCBuildConfiguration section */
		248DE5041E82151D00E5232D /* Debug */ = {
			isa = XCBuildConfiguration;
			buildSettings = {
				ALWAYS_SEARCH_USER_PATHS = NO;
				CLANG_ANALYZER_NONNULL = YES;
				CLANG_CXX_LANGUAGE_STANDARD = "gnu++0x";
				CLANG_CXX_LIBRARY = "libc++";
				CLANG_ENABLE_MODULES = YES;
				CLANG_ENABLE_OBJC_ARC = YES;
				CLANG_WARN_BOOL_CONVERSION = YES;
				CLANG_WARN_CONSTANT_CONVERSION = YES;
				CLANG_WARN_DIRECT_OBJC_ISA_USAGE = YES_ERROR;
				CLANG_WARN_DOCUMENTATION_COMMENTS = YES;
				CLANG_WARN_EMPTY_BODY = YES;
				CLANG_WARN_ENUM_CONVERSION = YES;
				CLANG_WARN_INFINITE_RECURSION = YES;
				CLANG_WARN_INT_CONVERSION = YES;
				CLANG_WARN_OBJC_ROOT_CLASS = YES_ERROR;
				CLANG_WARN_SUSPICIOUS_MOVE = YES;
				CLANG_WARN_UNREACHABLE_CODE = YES;
				CLANG_WARN__DUPLICATE_METHOD_MATCH = YES;
				"CODE_SIGN_IDENTITY[sdk=iphoneos*]" = "iPhone Developer";
				COPY_PHASE_STRIP = NO;
				DEBUG_INFORMATION_FORMAT = dwarf;
				ENABLE_STRICT_OBJC_MSGSEND = YES;
				ENABLE_TESTABILITY = YES;
				GCC_C_LANGUAGE_STANDARD = gnu99;
				GCC_DYNAMIC_NO_PIC = NO;
				GCC_NO_COMMON_BLOCKS = YES;
				GCC_OPTIMIZATION_LEVEL = 0;
				GCC_PREPROCESSOR_DEFINITIONS = (
					"DEBUG=1",
					"$(inherited)",
				);
				GCC_WARN_64_TO_32_BIT_CONVERSION = YES;
				GCC_WARN_ABOUT_RETURN_TYPE = YES_ERROR;
				GCC_WARN_UNDECLARED_SELECTOR = YES;
				GCC_WARN_UNINITIALIZED_AUTOS = YES_AGGRESSIVE;
				GCC_WARN_UNUSED_FUNCTION = YES;
				GCC_WARN_UNUSED_VARIABLE = YES;
				IPHONEOS_DEPLOYMENT_TARGET = 10.2;
				MTL_ENABLE_DEBUG_INFO = YES;
				ONLY_ACTIVE_ARCH = YES;
				SDKROOT = iphoneos;
				SWIFT_ACTIVE_COMPILATION_CONDITIONS = DEBUG;
				SWIFT_OPTIMIZATION_LEVEL = "-Onone";
				TARGETED_DEVICE_FAMILY = "1,2";
			};
			name = Debug;
		};
		248DE5051E82151D00E5232D /* Release */ = {
			isa = XCBuildConfiguration;
			buildSettings = {
				ALWAYS_SEARCH_USER_PATHS = NO;
				CLANG_ANALYZER_NONNULL = YES;
				CLANG_CXX_LANGUAGE_STANDARD = "gnu++0x";
				CLANG_CXX_LIBRARY = "libc++";
				CLANG_ENABLE_MODULES = YES;
				CLANG_ENABLE_OBJC_ARC = YES;
				CLANG_WARN_BOOL_CONVERSION = YES;
				CLANG_WARN_CONSTANT_CONVERSION = YES;
				CLANG_WARN_DIRECT_OBJC_ISA_USAGE = YES_ERROR;
				CLANG_WARN_DOCUMENTATION_COMMENTS = YES;
				CLANG_WARN_EMPTY_BODY = YES;
				CLANG_WARN_ENUM_CONVERSION = YES;
				CLANG_WARN_INFINITE_RECURSION = YES;
				CLANG_WARN_INT_CONVERSION = YES;
				CLANG_WARN_OBJC_ROOT_CLASS = YES_ERROR;
				CLANG_WARN_SUSPICIOUS_MOVE = YES;
				CLANG_WARN_UNREACHABLE_CODE = YES;
				CLANG_WARN__DUPLICATE_METHOD_MATCH = YES;
				"CODE_SIGN_IDENTITY[sdk=iphoneos*]" = "iPhone Developer";
				COPY_PHASE_STRIP = NO;
				DEBUG_INFORMATION_FORMAT = "dwarf-with-dsym";
				ENABLE_NS_ASSERTIONS = NO;
				ENABLE_STRICT_OBJC_MSGSEND = YES;
				GCC_C_LANGUAGE_STANDARD = gnu99;
				GCC_NO_COMMON_BLOCKS = YES;
				GCC_WARN_64_TO_32_BIT_CONVERSION = YES;
				GCC_WARN_ABOUT_RETURN_TYPE = YES_ERROR;
				GCC_WARN_UNDECLARED_SELECTOR = YES;
				GCC_WARN_UNINITIALIZED_AUTOS = YES_AGGRESSIVE;
				GCC_WARN_UNUSED_FUNCTION = YES;
				GCC_WARN_UNUSED_VARIABLE = YES;
				IPHONEOS_DEPLOYMENT_TARGET = 10.2;
				MTL_ENABLE_DEBUG_INFO = NO;
				SDKROOT = iphoneos;
				SWIFT_OPTIMIZATION_LEVEL = "-Owholemodule";
				TARGETED_DEVICE_FAMILY = "1,2";
				VALIDATE_PRODUCT = YES;
			};
			name = Release;
		};
		248DE5071E82151D00E5232D /* Debug */ = {
			isa = XCBuildConfiguration;
			buildSettings = {
				ASSETCATALOG_COMPILER_APPICON_NAME = AppIcon;
				DEVELOPMENT_TEAM = Q7WSN4F45U;
				INFOPLIST_FILE = SaveMe/Info.plist;
				LD_RUNPATH_SEARCH_PATHS = "$(inherited) @executable_path/Frameworks";
				PRODUCT_BUNDLE_IDENTIFIER = com.SaveMe;
				PRODUCT_NAME = "$(TARGET_NAME)";
				SWIFT_VERSION = 3.0;
			};
			name = Debug;
		};
		248DE5081E82151D00E5232D /* Release */ = {
			isa = XCBuildConfiguration;
			buildSettings = {
				ASSETCATALOG_COMPILER_APPICON_NAME = AppIcon;
				DEVELOPMENT_TEAM = Q7WSN4F45U;
				INFOPLIST_FILE = SaveMe/Info.plist;
				LD_RUNPATH_SEARCH_PATHS = "$(inherited) @executable_path/Frameworks";
				PRODUCT_BUNDLE_IDENTIFIER = com.SaveMe;
				PRODUCT_NAME = "$(TARGET_NAME)";
				SWIFT_VERSION = 3.0;
			};
			name = Release;
		};
/* End XCBuildConfiguration section */

/* Begin XCConfigurationList section */
		248DE4EF1E82151D00E5232D /* Build configuration list for PBXProject "SaveMe" */ = {
			isa = XCConfigurationList;
			buildConfigurations = (
				248DE5041E82151D00E5232D /* Debug */,
				248DE5051E82151D00E5232D /* Release */,
			);
			defaultConfigurationIsVisible = 0;
			defaultConfigurationName = Release;
		};
		248DE5061E82151D00E5232D /* Build configuration list for PBXNativeTarget "SaveMe" */ = {
			isa = XCConfigurationList;
			buildConfigurations = (
				248DE5071E82151D00E5232D /* Debug */,
				248DE5081E82151D00E5232D /* Release */,
			);
			defaultConfigurationIsVisible = 0;
		};
/* End XCConfigurationList section */
	};
	rootObject = 248DE4EC1E82151D00E5232D /* Project object */;
}
